
Microsoft Visual Studio Solution File, Format Version 12.00
# Visual Studio Version 17
VisualStudioVersion = 17.4.33213.308
MinimumVisualStudioVersion = 10.0.40219.1
Project("{9A19103F-16F7-4668-BE54-9A1E7A4F7556}") = "WaiphyomaungDotNetCore.ConsoleApp", "WaiphyomaungDotNetCore.ConsoleApp\WaiphyomaungDotNetCore.ConsoleApp.csproj", "{DD6C0089-F74B-440B-9150-195DA170DCF2}"
EndProject
Global
	GlobalSection(SolutionConfigurationPlatforms) = preSolution
		Debug|Any CPU = Debug|Any CPU
		Release|Any CPU = Release|Any CPU
	EndGlobalSection
	GlobalSection(ProjectConfigurationPlatforms) = postSolution
		{DD6C0089-F74B-440B-9150-195DA170DCF2}.Debug|Any CPU.ActiveCfg = Debug|Any CPU
		{DD6C0089-F74B-440B-9150-195DA170DCF2}.Debug|Any CPU.Build.0 = Debug|Any CPU
		{DD6C0089-F74B-440B-9150-195DA170DCF2}.Release|Any CPU.ActiveCfg = Release|Any CPU
		{DD6C0089-F74B-440B-9150-195DA170DCF2}.Release|Any CPU.Build.0 = Release|Any CPU
	EndGlobalSection
	GlobalSection(SolutionProperties) = preSolution
		HideSolutionNode = FALSE
	EndGlobalSection
	GlobalSection(ExtensibilityGlobals) = postSolution
		SolutionGuid = {097D09FC-E5EE-49B1-864B-FE7359C23FBC}
	EndGlobalSection
EndGlobal
